
Microsoft Visual Studio Solution File, Format Version 12.00
# Visual Studio Version 16
VisualStudioVersion = 16.0.32510.428
MinimumVisualStudioVersion = 10.0.40219.1
Project("{8BC9CEB8-8B4A-11D0-8D11-00A0C91BC942}") = "minimize", "minimize\minimize.vcxproj", "{30757AD0-9480-4C9C-AA9C-CB4BD29AC765}"
EndProject
Project("{8BC9CEB8-8B4A-11D0-8D11-00A0C91BC942}") = "convert", "convert\convert.vcxproj", "{50176B06-6254-43B4-9696-16F5B5DB89B1}"
EndProject
Global
	GlobalSection(SolutionConfigurationPlatforms) = preSolution
		Debug|x64 = Debug|x64
		Debug|x86 = Debug|x86
		Release|x64 = Release|x64
		Release|x86 = Release|x86
	EndGlobalSection
	GlobalSection(ProjectConfigurationPlatforms) = postSolution
		{30757AD0-9480-4C9C-AA9C-CB4BD29AC765}.Debug|x64.ActiveCfg = Debug|x64
		{30757AD0-9480-4C9C-AA9C-CB4BD29AC765}.Debug|x64.Build.0 = Debug|x64
		{30757AD0-9480-4C9C-AA9C-CB4BD29AC765}.Debug|x86.ActiveCfg = Debug|Win32
		{30757AD0-9480-4C9C-AA9C-CB4BD29AC765}.Debug|x86.Build.0 = Debug|Win32
		{30757AD0-9480-4C9C-AA9C-CB4BD29AC765}.Release|x64.ActiveCfg = Release|x64
		{30757AD0-9480-4C9C-AA9C-CB4BD29AC765}.Release|x64.Build.0 = Release|x64
		{30757AD0-9480-4C9C-AA9C-CB4BD29AC765}.Release|x86.ActiveCfg = Release|Win32
		{30757AD0-9480-4C9C-AA9C-CB4BD29AC765}.Release|x86.Build.0 = Release|Win32
		{50176B06-6254-43B4-9696-16F5B5DB89B1}.Debug|x64.ActiveCfg = Debug|x64
		{50176B06-6254-43B4-9696-16F5B5DB89B1}.Debug|x64.Build.0 = Debug|x64
		{50176B06-6254-43B4-9696-16F5B5DB89B1}.Debug|x86.ActiveCfg = Debug|Win32
		{50176B06-6254-43B4-9696-16F5B5DB89B1}.Debug|x86.Build.0 = Debug|Win32
		{50176B06-6254-43B4-9696-16F5B5DB89B1}.Release|x64.ActiveCfg = Release|x64
		{50176B06-6254-43B4-9696-16F5B5DB89B1}.Release|x64.Build.0 = Release|x64
		{50176B06-6254-43B4-9696-16F5B5DB89B1}.Release|x86.ActiveCfg = Release|Win32
		{50176B06-6254-43B4-9696-16F5B5DB89B1}.Release|x86.Build.0 = Release|Win32
	EndGlobalSection
	GlobalSection(SolutionProperties) = preSolution
		HideSolutionNode = FALSE
	EndGlobalSection
	GlobalSection(ExtensibilityGlobals) = postSolution
		SolutionGuid = {C92DCA08-FED9-4FBB-8456-21EE907A3A52}
	EndGlobalSection
EndGlobal
