
Microsoft Visual Studio Solution File, Format Version 12.00
# Visual Studio Version 17
VisualStudioVersion = 17.4.33205.214
MinimumVisualStudioVersion = 10.0.40219.1
Project("{8BC9CEB8-8B4A-11D0-8D11-00A0C91BC942}") = "minimize", "minimize\minimize.vcxproj", "{30757AD0-9480-4C9C-AA9C-CB4BD29AC765}"
EndProject
Project("{8BC9CEB8-8B4A-11D0-8D11-00A0C91BC942}") = "convert", "convert\convert.vcxproj", "{50176B06-6254-43B4-9696-16F5B5DB89B1}"
EndProject
Project("{2150E333-8FDC-42A3-9474-1A3956D46DE8}") = "Solution Items", "Solution Items", "{EEBD9597-3581-4D5B-B4E2-6D64FB7E33D0}"
	ProjectSection(SolutionItems) = preProject
		machinegen.py = machinegen.py
	EndProjectSection
EndProject
Project("{8BC9CEB8-8B4A-11D0-8D11-00A0C91BC942}") = "grammar", "grammar\grammar.vcxproj", "{DFB844CA-0ECB-462C-A5C4-8A844C6219BB}"
EndProject
Project("{8BC9CEB8-8B4A-11D0-8D11-00A0C91BC942}") = "determine", "determine\determine.vcxproj", "{0B312C9C-67FD-4D0E-A0F3-32B1789E9527}"
EndProject
Project("{8BC9CEB8-8B4A-11D0-8D11-00A0C91BC942}") = "lexer", "lexer\lexer.vcxproj", "{F448D1ED-B6CB-446F-8D4D-34D9381006C6}"
EndProject
Project("{8BC9CEB8-8B4A-11D0-8D11-00A0C91BC942}") = "lexer_tests", "lexer\lexer_tests\lexer_tests.vcxproj", "{D68B5E69-1718-4C4C-AA90-73C5A89E300A}"
EndProject
Global
	GlobalSection(SolutionConfigurationPlatforms) = preSolution
		Debug|x64 = Debug|x64
		Debug|x86 = Debug|x86
		Release|x64 = Release|x64
		Release|x86 = Release|x86
	EndGlobalSection
	GlobalSection(ProjectConfigurationPlatforms) = postSolution
		{30757AD0-9480-4C9C-AA9C-CB4BD29AC765}.Debug|x64.ActiveCfg = Debug|x64
		{30757AD0-9480-4C9C-AA9C-CB4BD29AC765}.Debug|x64.Build.0 = Debug|x64
		{30757AD0-9480-4C9C-AA9C-CB4BD29AC765}.Debug|x86.ActiveCfg = Debug|Win32
		{30757AD0-9480-4C9C-AA9C-CB4BD29AC765}.Debug|x86.Build.0 = Debug|Win32
		{30757AD0-9480-4C9C-AA9C-CB4BD29AC765}.Release|x64.ActiveCfg = Release|x64
		{30757AD0-9480-4C9C-AA9C-CB4BD29AC765}.Release|x64.Build.0 = Release|x64
		{30757AD0-9480-4C9C-AA9C-CB4BD29AC765}.Release|x86.ActiveCfg = Release|Win32
		{30757AD0-9480-4C9C-AA9C-CB4BD29AC765}.Release|x86.Build.0 = Release|Win32
		{50176B06-6254-43B4-9696-16F5B5DB89B1}.Debug|x64.ActiveCfg = Debug|x64
		{50176B06-6254-43B4-9696-16F5B5DB89B1}.Debug|x64.Build.0 = Debug|x64
		{50176B06-6254-43B4-9696-16F5B5DB89B1}.Debug|x86.ActiveCfg = Debug|Win32
		{50176B06-6254-43B4-9696-16F5B5DB89B1}.Debug|x86.Build.0 = Debug|Win32
		{50176B06-6254-43B4-9696-16F5B5DB89B1}.Release|x64.ActiveCfg = Release|x64
		{50176B06-6254-43B4-9696-16F5B5DB89B1}.Release|x64.Build.0 = Release|x64
		{50176B06-6254-43B4-9696-16F5B5DB89B1}.Release|x86.ActiveCfg = Release|Win32
		{50176B06-6254-43B4-9696-16F5B5DB89B1}.Release|x86.Build.0 = Release|Win32
		{DFB844CA-0ECB-462C-A5C4-8A844C6219BB}.Debug|x64.ActiveCfg = Debug|x64
		{DFB844CA-0ECB-462C-A5C4-8A844C6219BB}.Debug|x64.Build.0 = Debug|x64
		{DFB844CA-0ECB-462C-A5C4-8A844C6219BB}.Debug|x86.ActiveCfg = Debug|Win32
		{DFB844CA-0ECB-462C-A5C4-8A844C6219BB}.Debug|x86.Build.0 = Debug|Win32
		{DFB844CA-0ECB-462C-A5C4-8A844C6219BB}.Release|x64.ActiveCfg = Release|x64
		{DFB844CA-0ECB-462C-A5C4-8A844C6219BB}.Release|x64.Build.0 = Release|x64
		{DFB844CA-0ECB-462C-A5C4-8A844C6219BB}.Release|x86.ActiveCfg = Release|Win32
		{DFB844CA-0ECB-462C-A5C4-8A844C6219BB}.Release|x86.Build.0 = Release|Win32
		{0B312C9C-67FD-4D0E-A0F3-32B1789E9527}.Debug|x64.ActiveCfg = Debug|x64
		{0B312C9C-67FD-4D0E-A0F3-32B1789E9527}.Debug|x64.Build.0 = Debug|x64
		{0B312C9C-67FD-4D0E-A0F3-32B1789E9527}.Debug|x86.ActiveCfg = Debug|Win32
		{0B312C9C-67FD-4D0E-A0F3-32B1789E9527}.Debug|x86.Build.0 = Debug|Win32
		{0B312C9C-67FD-4D0E-A0F3-32B1789E9527}.Release|x64.ActiveCfg = Release|x64
		{0B312C9C-67FD-4D0E-A0F3-32B1789E9527}.Release|x64.Build.0 = Release|x64
		{0B312C9C-67FD-4D0E-A0F3-32B1789E9527}.Release|x86.ActiveCfg = Release|Win32
		{0B312C9C-67FD-4D0E-A0F3-32B1789E9527}.Release|x86.Build.0 = Release|Win32
		{F448D1ED-B6CB-446F-8D4D-34D9381006C6}.Debug|x64.ActiveCfg = Debug|x64
		{F448D1ED-B6CB-446F-8D4D-34D9381006C6}.Debug|x64.Build.0 = Debug|x64
		{F448D1ED-B6CB-446F-8D4D-34D9381006C6}.Debug|x86.ActiveCfg = Debug|Win32
		{F448D1ED-B6CB-446F-8D4D-34D9381006C6}.Debug|x86.Build.0 = Debug|Win32
		{F448D1ED-B6CB-446F-8D4D-34D9381006C6}.Release|x64.ActiveCfg = Release|x64
		{F448D1ED-B6CB-446F-8D4D-34D9381006C6}.Release|x64.Build.0 = Release|x64
		{F448D1ED-B6CB-446F-8D4D-34D9381006C6}.Release|x86.ActiveCfg = Release|Win32
		{F448D1ED-B6CB-446F-8D4D-34D9381006C6}.Release|x86.Build.0 = Release|Win32
		{D68B5E69-1718-4C4C-AA90-73C5A89E300A}.Debug|x64.ActiveCfg = Debug|x64
		{D68B5E69-1718-4C4C-AA90-73C5A89E300A}.Debug|x64.Build.0 = Debug|x64
		{D68B5E69-1718-4C4C-AA90-73C5A89E300A}.Debug|x86.ActiveCfg = Debug|Win32
		{D68B5E69-1718-4C4C-AA90-73C5A89E300A}.Debug|x86.Build.0 = Debug|Win32
		{D68B5E69-1718-4C4C-AA90-73C5A89E300A}.Release|x64.ActiveCfg = Release|x64
		{D68B5E69-1718-4C4C-AA90-73C5A89E300A}.Release|x64.Build.0 = Release|x64
		{D68B5E69-1718-4C4C-AA90-73C5A89E300A}.Release|x86.ActiveCfg = Release|Win32
		{D68B5E69-1718-4C4C-AA90-73C5A89E300A}.Release|x86.Build.0 = Release|Win32
	EndGlobalSection
	GlobalSection(SolutionProperties) = preSolution
		HideSolutionNode = FALSE
	EndGlobalSection
	GlobalSection(ExtensibilityGlobals) = postSolution
		SolutionGuid = {C92DCA08-FED9-4FBB-8456-21EE907A3A52}
	EndGlobalSection
EndGlobal
